<?xml version="1.0" encoding="utf-8"?>
<Project ToolsVersion="4.0" xmlns="http://schemas.microsoft.com/developer/msbuild/2003">
  <ItemGroup>
    <ClCompile Include="Block.cpp">
      <Filter>Source</Filter>
    </ClCompile>
    <ClCompile Include="game.cpp">
      <Filter>Source</Filter>
    </ClCompile>
    <ClCompile Include="Trump.cpp">
    <ClCompile Include="JfkPlayer.cpp">
      <Filter>Source</Filter>
    </ClCompile>
    <ClCompile Include="main.cpp">
      <Filter>Source</Filter>
    </ClCompile>
  </ItemGroup>
  <ItemGroup>
    <ClInclude Include="game.h">
      <Filter>Header Files</Filter>
    </ClInclude>
    <ClInclude Include="Trump.h">
    <ClInclude Include="JfkPlayer.h">
    <ClInclude Include="Block.h">
      <Filter>Include</Filter>
    </ClInclude>
    <ClInclude Include="game.h">
      <Filter>Include</Filter>
    </ClInclude>
    <ClInclude Include="Globals.h">
      <Filter>Include</Filter>
    </ClInclude>
    <ClInclude Include="JfkPlayer.h">
      <Filter>Include</Filter>
      <Filter>Header Files</Filter>
    </ClInclude>
  </ItemGroup>
  <ItemGroup>
    <Filter Include="Source">
      <UniqueIdentifier>{d33f7564-d397-480c-8649-ab4f0ec4d62a}</UniqueIdentifier>
    </Filter>
    <Filter Include="Include">
      <UniqueIdentifier>{4219b57b-8735-43f8-b6a8-663ba848ac7d}</UniqueIdentifier>
    </Filter>
  </ItemGroup>
</Project>